
Microsoft Visual Studio Solution File, Format Version 12.00
# Visual Studio Version 16
VisualStudioVersion = 16.0.31205.134
MinimumVisualStudioVersion = 10.0.40219.1
Project("{E24C65DC-7377-472B-9ABA-BC803B73C61A}") = "BlogWeb", "BlogWeb\", "{43838117-C521-4043-9492-A023E7341C05}"
	ProjectSection(WebsiteProperties) = preProject
		TargetFrameworkMoniker = ".NETFramework,Version%3Dv4.7.2"
		Debug.AspNetCompiler.VirtualPath = "/localhost_54767"
		Debug.AspNetCompiler.PhysicalPath = "BlogWeb\"
		Debug.AspNetCompiler.TargetPath = "PrecompiledWeb\localhost_54767\"
		Debug.AspNetCompiler.Updateable = "true"
		Debug.AspNetCompiler.ForceOverwrite = "true"
		Debug.AspNetCompiler.FixedNames = "false"
		Debug.AspNetCompiler.Debug = "True"
		Release.AspNetCompiler.VirtualPath = "/localhost_54767"
		Release.AspNetCompiler.PhysicalPath = "BlogWeb\"
		Release.AspNetCompiler.TargetPath = "PrecompiledWeb\localhost_54767\"
		Release.AspNetCompiler.Updateable = "true"
		Release.AspNetCompiler.ForceOverwrite = "true"
		Release.AspNetCompiler.FixedNames = "false"
		Release.AspNetCompiler.Debug = "False"
		VWDPort = "54767"
		SlnRelativePath = "BlogWeb\"
		DefaultWebSiteLanguage = "Visual C#"
	EndProjectSection
EndProject
Global
	GlobalSection(SolutionConfigurationPlatforms) = preSolution
		Debug|Any CPU = Debug|Any CPU
	EndGlobalSection
	GlobalSection(ProjectConfigurationPlatforms) = postSolution
		{43838117-C521-4043-9492-A023E7341C05}.Debug|Any CPU.ActiveCfg = Debug|Any CPU
		{43838117-C521-4043-9492-A023E7341C05}.Debug|Any CPU.Build.0 = Debug|Any CPU
	EndGlobalSection
	GlobalSection(SolutionProperties) = preSolution
		HideSolutionNode = FALSE
	EndGlobalSection
	GlobalSection(ExtensibilityGlobals) = postSolution
		SolutionGuid = {C10461C6-F36B-4851-9741-8485A09DEC6F}
	EndGlobalSection
EndGlobal
